
Microsoft Visual Studio Solution File, Format Version 12.00
# Visual Studio Version 16
VisualStudioVersion = 16.0.30503.244
MinimumVisualStudioVersion = 10.0.40219.1
Project("{FAE04EC0-301F-11D3-BF4B-00C04F79EFBC}") = "Projet Informatique", "Projet Informatique\Projet Informatique.csproj", "{664851CF-9839-4153-8737-31E6FA191F80}"
EndProject
Project("{9A19103F-16F7-4668-BE54-9A1E7A4F7556}") = "MyAPI", "..\MyAPI\MyAPI\MyAPI.csproj", "{FA9F2557-5FA6-4A97-8CA3-F440B46B435D}"
EndProject
Global
	GlobalSection(SolutionConfigurationPlatforms) = preSolution
		Debug|Any CPU = Debug|Any CPU
		Release|Any CPU = Release|Any CPU
	EndGlobalSection
	GlobalSection(ProjectConfigurationPlatforms) = postSolution
		{664851CF-9839-4153-8737-31E6FA191F80}.Debug|Any CPU.ActiveCfg = Debug|Any CPU
		{664851CF-9839-4153-8737-31E6FA191F80}.Debug|Any CPU.Build.0 = Debug|Any CPU
		{664851CF-9839-4153-8737-31E6FA191F80}.Release|Any CPU.ActiveCfg = Release|Any CPU
		{664851CF-9839-4153-8737-31E6FA191F80}.Release|Any CPU.Build.0 = Release|Any CPU
		{FA9F2557-5FA6-4A97-8CA3-F440B46B435D}.Debug|Any CPU.ActiveCfg = Debug|Any CPU
		{FA9F2557-5FA6-4A97-8CA3-F440B46B435D}.Debug|Any CPU.Build.0 = Debug|Any CPU
		{FA9F2557-5FA6-4A97-8CA3-F440B46B435D}.Release|Any CPU.ActiveCfg = Release|Any CPU
		{FA9F2557-5FA6-4A97-8CA3-F440B46B435D}.Release|Any CPU.Build.0 = Release|Any CPU
	EndGlobalSection
	GlobalSection(SolutionProperties) = preSolution
		HideSolutionNode = FALSE
	EndGlobalSection
	GlobalSection(ExtensibilityGlobals) = postSolution
		SolutionGuid = {233B30A7-49C7-4A18-B942-22B9DFBA749E}
	EndGlobalSection
EndGlobal
